
Microsoft Visual Studio Solution File, Format Version 12.00
# Visual Studio Version 16
VisualStudioVersion = 16.0.29215.179
MinimumVisualStudioVersion = 10.0.40219.1
Project("{FAE04EC0-301F-11D3-BF4B-00C04F79EFBC}") = "AirQuality", "AirQuality\AirQuality.csproj", "{65887E46-F2F6-4537-B7DA-DE90AB65586E}"
EndProject
Global
	GlobalSection(SolutionConfigurationPlatforms) = preSolution
		Debug|Any CPU = Debug|Any CPU
		Release|Any CPU = Release|Any CPU
	EndGlobalSection
	GlobalSection(ProjectConfigurationPlatforms) = postSolution
		{65887E46-F2F6-4537-B7DA-DE90AB65586E}.Debug|Any CPU.ActiveCfg = Debug|Any CPU
		{65887E46-F2F6-4537-B7DA-DE90AB65586E}.Debug|Any CPU.Build.0 = Debug|Any CPU
		{65887E46-F2F6-4537-B7DA-DE90AB65586E}.Release|Any CPU.ActiveCfg = Release|Any CPU
		{65887E46-F2F6-4537-B7DA-DE90AB65586E}.Release|Any CPU.Build.0 = Release|Any CPU
	EndGlobalSection
	GlobalSection(SolutionProperties) = preSolution
		HideSolutionNode = FALSE
	EndGlobalSection
	GlobalSection(ExtensibilityGlobals) = postSolution
		SolutionGuid = {555BAFDE-8330-44ED-8257-C14E24B52FF9}
	EndGlobalSection
EndGlobal
